
Microsoft Visual Studio Solution File, Format Version 12.00
# Visual Studio 15
VisualStudioVersion = 15.0.28124.53
MinimumVisualStudioVersion = 10.0.40219.1
Project("{9A19103F-16F7-4668-BE54-9A1E7A4F7556}") = "BlogPost.WebApi", "BlogPost.WebApi\BlogPost.WebApi.csproj", "{A90C38B4-49C0-42C0-9E66-D2429403AD8F}"
EndProject
Project("{FAE04EC0-301F-11D3-BF4B-00C04F79EFBC}") = "BlogPost.Core", "BlogPost.Core\BlogPost.Core.csproj", "{CF1F9FA0-FFC9-4DB7-AEEE-8DFFFE9D6473}"
EndProject
Global
	GlobalSection(SolutionConfigurationPlatforms) = preSolution
		Debug|Any CPU = Debug|Any CPU
		Release|Any CPU = Release|Any CPU
	EndGlobalSection
	GlobalSection(ProjectConfigurationPlatforms) = postSolution
		{A90C38B4-49C0-42C0-9E66-D2429403AD8F}.Debug|Any CPU.ActiveCfg = Debug|Any CPU
		{A90C38B4-49C0-42C0-9E66-D2429403AD8F}.Debug|Any CPU.Build.0 = Debug|Any CPU
		{A90C38B4-49C0-42C0-9E66-D2429403AD8F}.Release|Any CPU.ActiveCfg = Release|Any CPU
		{A90C38B4-49C0-42C0-9E66-D2429403AD8F}.Release|Any CPU.Build.0 = Release|Any CPU
		{CF1F9FA0-FFC9-4DB7-AEEE-8DFFFE9D6473}.Debug|Any CPU.ActiveCfg = Debug|Any CPU
		{CF1F9FA0-FFC9-4DB7-AEEE-8DFFFE9D6473}.Debug|Any CPU.Build.0 = Debug|Any CPU
		{CF1F9FA0-FFC9-4DB7-AEEE-8DFFFE9D6473}.Release|Any CPU.ActiveCfg = Release|Any CPU
		{CF1F9FA0-FFC9-4DB7-AEEE-8DFFFE9D6473}.Release|Any CPU.Build.0 = Release|Any CPU
	EndGlobalSection
	GlobalSection(SolutionProperties) = preSolution
		HideSolutionNode = FALSE
	EndGlobalSection
	GlobalSection(ExtensibilityGlobals) = postSolution
		SolutionGuid = {4059B73E-6BCF-4D58-9824-0931E79D322E}
	EndGlobalSection
EndGlobal
